version = 1
revision = 3
requires-python = ">=3.12"

[[package]]
name = "asttokens"
version = "3.0.1"
source = { registry = "https://pypi.org/simple" }
sdist = { url = "https://files.pythonhosted.org/packages/be/a5/8e3f9b6771b0b408517c82d97aed8f2036509bc247d46114925e32fe33f0/asttokens-3.0.1.tar.gz", hash = "sha256:71a4ee5de0bde6a31d64f6b13f2293ac190344478f081c3d1bccfcf5eacb0cb7", size = 62308, upload-time = "2025-11-15T16:43:48.578Z" }
wheels = [
    { url = "https://files.pythonhosted.org/packages/d2/39/e7eaf1799466a4aef85b6a4fe7bd175ad2b1c6345066aa33f1f58d4b18d0/asttokens-3.0.1-py3-none-any.whl", hash = "sha256:15a3ebc0f43c2d0a50eeafea25e19046c68398e487b9f1f5b517f7c0f40f976a", size = 27047, upload-time = "2025-11-15T16:43:16.109Z" },
]

[[package]]
name = "cbor2"
version = "5.8.0"
source = { registry = "https://pypi.org/simple" }
sdist = { url = "https://files.pythonhosted.org/packages/d9/8e/8b4fdde28e42ffcd741a37f4ffa9fb59cd4fe01625b544dfcfd9ccb54f01/cbor2-5.8.0.tar.gz", hash = "sha256:b19c35fcae9688ac01ef75bad5db27300c2537eb4ee00ed07e05d8456a0d4931", size = 107825, upload-time = "2025-12-30T18:44:22.455Z" }
wheels = [
    { url = "https://files.pythonhosted.org/packages/2f/4f/3a16e3e8fd7e5fd86751a4f1aad218a8d19a96e75ec3989c3e95a8fe1d8f/cbor2-5.8.0-cp312-cp312-macosx_11_0_arm64.whl", hash = "sha256:4b3f91fa699a5ce22470e973601c62dd9d55dc3ca20ee446516ac075fcab27c9", size = 70270, upload-time = "2025-12-30T18:43:46.005Z" },
    { url = "https://files.pythonhosted.org/packages/38/81/0d0cf0796fe8081492a61c45278f03def21a929535a492dd97c8438f5dbe/cbor2-5.8.0-cp312-cp312-manylinux2014_aarch64.manylinux_2_17_aarch64.manylinux_2_28_aarch64.whl", hash = "sha256:518c118a5e00001854adb51f3164e647aa99b6a9877d2a733a28cb5c0a4d6857", size = 286242, upload-time = "2025-12-30T18:43:47.026Z" },
    { url = "https://files.pythonhosted.org/packages/7b/a9/fdab6c10190cfb8d639e01f2b168f2406fc847a2a6bc00e7de78c3381d0a/cbor2-5.8.0-cp312-cp312-manylinux2014_x86_64.manylinux_2_17_x86_64.manylinux_2_28_x86_64.whl", hash = "sha256:cff2a1999e49cd51c23d1b6786a012127fd8f722c5946e82bd7ab3eb307443f3", size = 285412, upload-time = "2025-12-30T18:43:48.563Z" },
    { url = "https://files.pythonhosted.org/packages/31/59/746a8e630996217a3afd523f583fcf7e3d16640d63f9a03f0f4e4f74b5b1/cbor2-5.8.0-cp312-cp312-musllinux_1_2_aarch64.whl", hash = "sha256:4c4492160212374973cdc14e46f0565f2462721ef922b40f7ea11e7d613dfb2a", size = 278041, upload-time = "2025-12-30T18:43:49.92Z" },
    { url = "https://files.pythonhosted.org/packages/0f/a3/f3bbeb6dedd45c6e0cddd627ea790dea295eaf82c83f0e2159b733365ebd/cbor2-5.8.0-cp312-cp312-musllinux_1_2_x86_64.whl", hash = "sha256:546c7c7c4c6bcdc54a59242e0e82cea8f332b17b4465ae628718fef1fce401ca", size = 278185, upload-time = "2025-12-30T18:43:51.192Z" },
    { url = "https://files.pythonhosted.org/packages/67/e5/9013d6b857ceb6cdb2851ffb5a887f53f2bab934a528c9d6fa73d9989d84/cbor2-5.8.0-cp312-cp312-win_amd64.whl", hash = "sha256:074f0fa7535dd7fdee247c2c99f679d94f3aa058ccb1ccf4126cc72d6d89cbae", size = 69817, upload-time = "2025-12-30T18:43:52.352Z" },
    { url = "https://files.pythonhosted.org/packages/a8/ab/7aa94ba3d44ecbc3a97bdb2fb6a8298063fe2e0b611e539a6fe41e36da20/cbor2-5.8.0-cp312-cp312-win_arm64.whl", hash = "sha256:f95fed480b2a0d843f294d2a1ef4cc0f6a83c7922927f9f558e1f5a8dc54b7ca", size = 64923, upload-time = "2025-12-30T18:43:53.719Z" },
    { url = "https://files.pythonhosted.org/packages/a6/0d/5a3f20bafaefeb2c1903d961416f051c0950f0d09e7297a3aa6941596b29/cbor2-5.8.0-cp313-cp313-macosx_11_0_arm64.whl", hash = "sha256:6d8d104480845e2f28c6165b4c961bbe58d08cb5638f368375cfcae051c28015", size = 70332, upload-time = "2025-12-30T18:43:54.694Z" },
    { url = "https://files.pythonhosted.org/packages/57/66/177a3f089e69db69c987453ab4934086408c3338551e4984734597be9f80/cbor2-5.8.0-cp313-cp313-manylinux2014_aarch64.manylinux_2_17_aarch64.manylinux_2_28_aarch64.whl", hash = "sha256:43efee947e5ab67d406d6e0dc61b5dee9d2f5e89ae176f90677a3741a20ca2e7", size = 285985, upload-time = "2025-12-30T18:43:55.733Z" },
    { url = "https://files.pythonhosted.org/packages/b7/8e/9e17b8e4ed80a2ce97e2dfa5915c169dbb31599409ddb830f514b57f96cc/cbor2-5.8.0-cp313-cp313-manylinux2014_x86_64.manylinux_2_17_x86_64.manylinux_2_28_x86_64.whl", hash = "sha256:be7ae582f50be539e09c134966d0fd63723fc4789b8dff1f6c2e3f24ae3eaf32", size = 285173, upload-time = "2025-12-30T18:43:57.321Z" },
    { url = "https://files.pythonhosted.org/packages/cc/33/9f92e107d78f88ac22723ac15d0259d220ba98c1d855e51796317f4c4114/cbor2-5.8.0-cp313-cp313-musllinux_1_2_aarch64.whl", hash = "sha256:50f5c709561a71ea7970b4cd2bf9eda4eccacc0aac212577080fdfe64183e7f5", size = 278395, upload-time = "2025-12-30T18:43:58.497Z" },
    { url = "https://files.pythonhosted.org/packages/2f/3f/46b80050a4a35ce5cf7903693864a9fdea7213567dc8faa6e25cb375c182/cbor2-5.8.0-cp313-cp313-musllinux_1_2_x86_64.whl", hash = "sha256:a6790ecc73aa93e76d2d9076fc42bf91a9e69f2295e5fa702e776dbe986465bd", size = 278330, upload-time = "2025-12-30T18:43:59.656Z" },
    { url = "https://files.pythonhosted.org/packages/eb/d2/d41f8c04c783a4d204e364be2d38043d4f732a3bed6f4c732e321cf34c7b/cbor2-5.8.0-cp313-cp313-win_amd64.whl", hash = "sha256:c114af8099fa65a19a514db87ce7a06e942d8fea2730afd49be39f8e16e7f5e0", size = 69841, upload-time = "2025-12-30T18:44:01.159Z" },
    { url = "https://files.pythonhosted.org/packages/1b/8c/0397a82f6e67665009951453c83058e4c77ba54b9a9017ede56d6870306c/cbor2-5.8.0-cp313-cp313-win_arm64.whl", hash = "sha256:ab3ba00494ad8669a459b12a558448d309c271fa4f89b116ad496ee35db38fea", size = 64982, upload-time = "2025-12-30T18:44:02.138Z" },
    { url = "https://files.pythonhosted.org/packages/4b/0c/0654233d7543ac8a50f4785f172430ddc97538ba418eb305d6e529d1a120/cbor2-5.8.0-cp314-cp314-macosx_11_0_arm64.whl", hash = "sha256:ad72381477133046ce217617d839ea4e9454f8b77d9a6351b229e214102daeb7", size = 70710, upload-time = "2025-12-30T18:44:03.209Z" },
    { url = "https://files.pythonhosted.org/packages/84/62/4671d24e557d7f5a74a01b422c538925140c0495e57decde7e566f91d029/cbor2-5.8.0-cp314-cp314-manylinux2014_aarch64.manylinux_2_17_aarch64.manylinux_2_28_aarch64.whl", hash = "sha256:6da25190fad3434ce99876b11d4ca6b8828df6ca232cf7344cd14ae1166fb718", size = 285005, upload-time = "2025-12-30T18:44:05.109Z" },
    { url = "https://files.pythonhosted.org/packages/87/85/0c67d763a08e848c9a80d7e4723ba497cce676f41bc7ca1828ae90a0a872/cbor2-5.8.0-cp314-cp314-manylinux2014_x86_64.manylinux_2_17_x86_64.manylinux_2_28_x86_64.whl", hash = "sha256:c13919e3a24c5a6d286551fa288848a4cedc3e507c58a722ccd134e461217d99", size = 282435, upload-time = "2025-12-30T18:44:06.465Z" },
    { url = "https://files.pythonhosted.org/packages/b2/01/0650972b4dbfbebcfbe37cbba7fc3cd9019a8da6397ab3446e07175e342b/cbor2-5.8.0-cp314-cp314-musllinux_1_2_aarch64.whl", hash = "sha256:f8c40d32e5972047a777f9bf730870828f3cf1c43b3eb96fd0429c57a1d3b9e6", size = 277493, upload-time = "2025-12-30T18:44:07.609Z" },
    { url = "https://files.pythonhosted.org/packages/b3/6c/7704a4f32adc7f10f3b41ec067f500a4458f7606397af5e4cf2d368fd288/cbor2-5.8.0-cp314-cp314-musllinux_1_2_x86_64.whl", hash = "sha256:7627894bc0b3d5d0807f31e3107e11b996205470c4429dc2bb4ef8bfe7f64e1e", size = 276085, upload-time = "2025-12-30T18:44:09.021Z" },
    { url = "https://files.pythonhosted.org/packages/88/6d/e43452347630efe8133f5304127539100d937c138c0996d27ec63963ec2c/cbor2-5.8.0-cp314-cp314-win_amd64.whl", hash = "sha256:b51c5e59becae746ca4de2bbaa8a2f5c64a68fec05cea62941b1a84a8335f7d1", size = 71657, upload-time = "2025-12-30T18:44:10.162Z" },
    { url = "https://files.pythonhosted.org/packages/8b/66/9a780ef34ab10a0437666232e885378cdd5f60197b1b5e61a62499e5a10a/cbor2-5.8.0-cp314-cp314-win_arm64.whl", hash = "sha256:53b630f4db4b9f477ad84077283dd17ecf9894738aa17ef4938c369958e02a71", size = 67171, upload-time = "2025-12-30T18:44:11.619Z" },
    { url = "https://files.pythonhosted.org/packages/d6/4f/101071f880b4da05771128c0b89f41e334cff044dee05fb013c8f4be661c/cbor2-5.8.0-py3-none-any.whl", hash = "sha256:3727d80f539567b03a7aa11890e57798c67092c38df9e6c23abb059e0f65069c", size = 24374, upload-time = "2025-12-30T18:44:21.476Z" },
]

[[package]]
name = "immutables"
version = "0.21"
source = { registry = "https://pypi.org/simple" }
sdist = { url = "https://files.pythonhosted.org/packages/69/41/0ccaa6ef9943c0609ec5aa663a3b3e681c1712c1007147b84590cec706a0/immutables-0.21.tar.gz", hash = "sha256:b55ffaf0449790242feb4c56ab799ea7af92801a0a43f9e2f4f8af2ab24dfc4a", size = 89008, upload-time = "2024-10-10T00:55:01.434Z" }
wheels = [
    { url = "https://files.pythonhosted.org/packages/4d/f9/0c46f600702b815182212453f5514c0070ee168b817cdf7c3767554c8489/immutables-0.21-cp312-cp312-macosx_10_13_x86_64.whl", hash = "sha256:ef1ed262094b755903122c3c3a83ad0e0d5c3ab7887cda12b2fe878769d1ee0d", size = 31885, upload-time = "2024-10-10T00:54:19.406Z" },
    { url = "https://files.pythonhosted.org/packages/29/34/7608d2eab6179aa47e8f59ab0fbd5b3eeb2333d78c9dc2da0de8de4ed322/immutables-0.21-cp312-cp312-macosx_11_0_arm64.whl", hash = "sha256:ce604f81d9d8f26e60b52ebcb56bb5c0462c8ea50fb17868487d15f048a2f13e", size = 31537, upload-time = "2024-10-10T00:54:20.998Z" },
    { url = "https://files.pythonhosted.org/packages/f7/52/cb9e2bb7a69338155ffabbd2f993c968c750dd2d5c6c6eaa6ebb7bfcbdfa/immutables-0.21-cp312-cp312-manylinux_2_17_aarch64.manylinux2014_aarch64.whl", hash = "sha256:b48b116aaca4500398058b5a87814857a60c4cb09417fecc12d7da0f5639b73d", size = 104270, upload-time = "2024-10-10T00:54:21.912Z" },
    { url = "https://files.pythonhosted.org/packages/0f/a4/25df835a9b9b372a4a869a8a1ac30a32199f2b3f581ad0e249f7e3d19eed/immutables-0.21-cp312-cp312-manylinux_2_5_x86_64.manylinux1_x86_64.manylinux_2_17_x86_64.manylinux2014_x86_64.whl", hash = "sha256:dad7c0c74b285cc0e555ec0e97acbdc6f1862fcd16b99abd612df3243732e741", size = 104864, upload-time = "2024-10-10T00:54:22.956Z" },
    { url = "https://files.pythonhosted.org/packages/4a/51/b548fbc657134d658e179ee8d201ae82d9049aba5c3cb2d858ed2ecb7e3f/immutables-0.21-cp312-cp312-musllinux_1_2_aarch64.whl", hash = "sha256:e44346e2221a5a676c880ca8e0e6429fa24d1a4ae562573f5c04d7f2e759b030", size = 99733, upload-time = "2024-10-10T00:54:23.99Z" },
    { url = "https://files.pythonhosted.org/packages/47/db/d7b1e0e88faf07fe9a88579a86f58078a9a37fff871f4b3dbcf28cad9a12/immutables-0.21-cp312-cp312-musllinux_1_2_x86_64.whl", hash = "sha256:8b10139b529a460e53fe8be699ebd848c54c8a33ebe67763bcfcc809a475a26f", size = 101698, upload-time = "2024-10-10T00:54:25.734Z" },
    { url = "https://files.pythonhosted.org/packages/69/2d/6fe42a1a053dd8cfb9f45e91d5246522637c7287dc6bd347f67aedf7aedb/immutables-0.21-cp312-cp312-win32.whl", hash = "sha256:fc512d808662614feb17d2d92e98f611d69669a98c7af15910acf1dc72737038", size = 30977, upload-time = "2024-10-10T00:54:27.436Z" },
    { url = "https://files.pythonhosted.org/packages/63/45/d062aca6971e99454ce3ae42a7430037227fee961644ed1f8b6c9b99e0a5/immutables-0.21-cp312-cp312-win_amd64.whl", hash = "sha256:461dcb0f58a131045155e52a2c43de6ec2fe5ba19bdced6858a3abb63cee5111", size = 35088, upload-time = "2024-10-10T00:54:28.388Z" },
    { url = "https://files.pythonhosted.org/packages/5e/db/60da6f5a3c3f64e0b3940c4ad86e1971d9d2eb8b13a179c26eda5ec6a298/immutables-0.21-cp313-cp313-macosx_10_13_x86_64.whl", hash = "sha256:79674b51aa8dd983f9ac55f7f67b433b1df84a6b4f28ab860588389a5659485b", size = 31922, upload-time = "2024-10-10T00:54:29.305Z" },
    { url = "https://files.pythonhosted.org/packages/9b/89/5420f1d16a652024fcccc9c07d46d4157fcaf33ff37c82412c83fc16ef36/immutables-0.21-cp313-cp313-macosx_11_0_arm64.whl", hash = "sha256:93c8350f8f7d0d9693f708229d9d0578e6f3b785ce6da4bced1da97137aacfad", size = 31552, upload-time = "2024-10-10T00:54:30.282Z" },
    { url = "https://files.pythonhosted.org/packages/d2/d0/a5fb7c164ddb298ec37537e618b70dfa30c7cae9fac01de374c36489cbc9/immutables-0.21-cp313-cp313-manylinux_2_17_aarch64.manylinux2014_aarch64.whl", hash = "sha256:583d2a63e444ce1538cc2bda56ae1f4a1a11473dbc0377c82b516bc7eec3b81e", size = 104334, upload-time = "2024-10-10T00:54:31.284Z" },
    { url = "https://files.pythonhosted.org/packages/f3/a5/5fda0ee4a261a85124011ac0750fec678f00e1b2d4a5502b149a3b4d86d9/immutables-0.21-cp313-cp313-manylinux_2_5_x86_64.manylinux1_x86_64.manylinux_2_17_x86_64.manylinux2014_x86_64.whl", hash = "sha256:b274a52da9b106db55eceb93fc1aea858c4e6f4740189e3548e38613eafc2021", size = 104898, upload-time = "2024-10-10T00:54:32.295Z" },
    { url = "https://files.pythonhosted.org/packages/93/fa/d46bfe92f2c66d35916344176ff87fa839aac9c16849652947e722b7a15f/immutables-0.21-cp313-cp313-musllinux_1_2_aarch64.whl", hash = "sha256:338bede057250b33716a3e4892e15df0bf5a5ddbf1d67ead996b3e680b49ef9e", size = 99966, upload-time = "2024-10-10T00:54:34.046Z" },
    { url = "https://files.pythonhosted.org/packages/d7/f5/2a19e2e095f7a39d8d77dcc10669734d2d99773ce00c99bdcfeeb7d714e6/immutables-0.21-cp313-cp313-musllinux_1_2_x86_64.whl", hash = "sha256:8781c89583b68f604cf30f0978b722165824c3075888639fde771bf1a3e12dc0", size = 101773, upload-time = "2024-10-10T00:54:35.851Z" },
    { url = "https://files.pythonhosted.org/packages/86/80/5b6ee53f836cf2067ced997efbf2ce20890627f150c3089ea50cf607e783/immutables-0.21-cp313-cp313-win32.whl", hash = "sha256:e97ea83befad873712f283c0cccd630f70cba753e207b4868af28d5b85e9dc54", size = 30988, upload-time = "2024-10-10T00:54:37.618Z" },
    { url = "https://files.pythonhosted.org/packages/ff/07/f623e6da78368fc0b1772f4877afbf60f34c4cc93f1a8f1006507afa21ec/immutables-0.21-cp313-cp313-win_amd64.whl", hash = "sha256:cfcb23bd898f5a4ef88692b42c51f52ca7373a35ba4dcc215060a668639eb5da", size = 35147, upload-time = "2024-10-10T00:54:38.558Z" },
]

[[package]]
name = "ivp-section3boafavs"
version = "0.1.0"
source = { virtual = "." }
dependencies = [
    { name = "vyper" },
]

[package.metadata]
requires-dist = [{ name = "vyper", specifier = ">=0.4.3" }]

[[package]]
name = "lark"
version = "1.3.1"
source = { registry = "https://pypi.org/simple" }
sdist = { url = "https://files.pythonhosted.org/packages/da/34/28fff3ab31ccff1fd4f6c7c7b0ceb2b6968d8ea4950663eadcb5720591a0/lark-1.3.1.tar.gz", hash = "sha256:b426a7a6d6d53189d318f2b6236ab5d6429eaf09259f1ca33eb716eed10d2905", size = 382732, upload-time = "2025-10-27T18:25:56.653Z" }
wheels = [
    { url = "https://files.pythonhosted.org/packages/82/3d/14ce75ef66813643812f3093ab17e46d3a206942ce7376d31ec2d36229e7/lark-1.3.1-py3-none-any.whl", hash = "sha256:c629b661023a014c37da873b4ff58a817398d12635d3bbb2c5a03be7fe5d1e12", size = 113151, upload-time = "2025-10-27T18:25:54.882Z" },
]

[[package]]
name = "packaging"
version = "26.0"
source = { registry = "https://pypi.org/simple" }
sdist = { url = "https://files.pythonhosted.org/packages/65/ee/299d360cdc32edc7d2cf530f3accf79c4fca01e96ffc950d8a52213bd8e4/packaging-26.0.tar.gz", hash = "sha256:00243ae351a257117b6a241061796684b084ed1c516a08c48a3f7e147a9d80b4", size = 143416, upload-time = "2026-01-21T20:50:39.064Z" }
wheels = [
    { url = "https://files.pythonhosted.org/packages/b7/b9/c538f279a4e237a006a2c98387d081e9eb060d203d8ed34467cc0f0b9b53/packaging-26.0-py3-none-any.whl", hash = "sha256:b36f1fef9334a5588b4166f8bcd26a14e521f2b55e6b9de3aaa80d3ff7a37529", size = 74366, upload-time = "2026-01-21T20:50:37.788Z" },
]

[[package]]
name = "pycryptodome"
version = "3.23.0"
source = { registry = "https://pypi.org/simple" }
sdist = { url = "https://files.pythonhosted.org/packages/8e/a6/8452177684d5e906854776276ddd34eca30d1b1e15aa1ee9cefc289a33f5/pycryptodome-3.23.0.tar.gz", hash = "sha256:447700a657182d60338bab09fdb27518f8856aecd80ae4c6bdddb67ff5da44ef", size = 4921276, upload-time = "2025-05-17T17:21:45.242Z" }
wheels = [
    { url = "https://files.pythonhosted.org/packages/04/5d/bdb09489b63cd34a976cc9e2a8d938114f7a53a74d3dd4f125ffa49dce82/pycryptodome-3.23.0-cp313-cp313t-macosx_10_13_universal2.whl", hash = "sha256:0011f7f00cdb74879142011f95133274741778abba114ceca229adbf8e62c3e4", size = 2495152, upload-time = "2025-05-17T17:20:20.833Z" },
    { url = "https://files.pythonhosted.org/packages/a7/ce/7840250ed4cc0039c433cd41715536f926d6e86ce84e904068eb3244b6a6/pycryptodome-3.23.0-cp313-cp313t-macosx_10_13_x86_64.whl", hash = "sha256:90460fc9e088ce095f9ee8356722d4f10f86e5be06e2354230a9880b9c549aae", size = 1639348, upload-time = "2025-05-17T17:20:23.171Z" },
    { url = "https://files.pythonhosted.org/packages/ee/f0/991da24c55c1f688d6a3b5a11940567353f74590734ee4a64294834ae472/pycryptodome-3.23.0-cp313-cp313t-manylinux_2_17_aarch64.manylinux2014_aarch64.whl", hash = "sha256:4764e64b269fc83b00f682c47443c2e6e85b18273712b98aa43bcb77f8570477", size = 2184033, upload-time = "2025-05-17T17:20:25.424Z" },
    { url = "https://files.pythonhosted.org/packages/54/16/0e11882deddf00f68b68dd4e8e442ddc30641f31afeb2bc25588124ac8de/pycryptodome-3.23.0-cp313-cp313t-manylinux_2_17_x86_64.manylinux2014_x86_64.whl", hash = "sha256:eb8f24adb74984aa0e5d07a2368ad95276cf38051fe2dc6605cbcf482e04f2a7", size = 2270142, upload-time = "2025-05-17T17:20:27.808Z" },
    { url = "https://files.pythonhosted.org/packages/d5/fc/4347fea23a3f95ffb931f383ff28b3f7b1fe868739182cb76718c0da86a1/pycryptodome-3.23.0-cp313-cp313t-manylinux_2_5_i686.manylinux1_i686.manylinux_2_17_i686.manylinux2014_i686.whl", hash = "sha256:d97618c9c6684a97ef7637ba43bdf6663a2e2e77efe0f863cce97a76af396446", size = 2309384, upload-time = "2025-05-17T17:20:30.765Z" },
    { url = "https://files.pythonhosted.org/packages/6e/d9/c5261780b69ce66d8cfab25d2797bd6e82ba0241804694cd48be41add5eb/pycryptodome-3.23.0-cp313-cp313t-musllinux_1_2_aarch64.whl", hash = "sha256:9a53a4fe5cb075075d515797d6ce2f56772ea7e6a1e5e4b96cf78a14bac3d265", size = 2183237, upload-time = "2025-05-17T17:20:33.736Z" },
    { url = "https://files.pythonhosted.org/packages/5a/6f/3af2ffedd5cfa08c631f89452c6648c4d779e7772dfc388c77c920ca6bbf/pycryptodome-3.23.0-cp313-cp313t-musllinux_1_2_i686.whl", hash = "sha256:763d1d74f56f031788e5d307029caef067febf890cd1f8bf61183ae142f1a77b", size = 2343898, upload-time = "2025-05-17T17:20:36.086Z" },
    { url = "https://files.pythonhosted.org/packages/9a/dc/9060d807039ee5de6e2f260f72f3d70ac213993a804f5e67e0a73a56dd2f/pycryptodome-3.23.0-cp313-cp313t-musllinux_1_2_x86_64.whl", hash = "sha256:954af0e2bd7cea83ce72243b14e4fb518b18f0c1649b576d114973e2073b273d", size = 2269197, upload-time = "2025-05-17T17:20:38.414Z" },
    { url = "https://files.pythonhosted.org/packages/f9/34/e6c8ca177cb29dcc4967fef73f5de445912f93bd0343c9c33c8e5bf8cde8/pycryptodome-3.23.0-cp313-cp313t-win32.whl", hash = "sha256:257bb3572c63ad8ba40b89f6fc9d63a2a628e9f9708d31ee26560925ebe0210a", size = 1768600, upload-time = "2025-05-17T17:20:40.688Z" },
    { url = "https://files.pythonhosted.org/packages/e4/1d/89756b8d7ff623ad0160f4539da571d1f594d21ee6d68be130a6eccb39a4/pycryptodome-3.23.0-cp313-cp313t-win_amd64.whl", hash = "sha256:6501790c5b62a29fcb227bd6b62012181d886a767ce9ed03b303d1f22eb5c625", size = 1799740, upload-time = "2025-05-17T17:20:42.413Z" },
    { url = "https://files.pythonhosted.org/packages/5d/61/35a64f0feaea9fd07f0d91209e7be91726eb48c0f1bfc6720647194071e4/pycryptodome-3.23.0-cp313-cp313t-win_arm64.whl", hash = "sha256:9a77627a330ab23ca43b48b130e202582e91cc69619947840ea4d2d1be21eb39", size = 1703685, upload-time = "2025-05-17T17:20:44.388Z" },
    { url = "https://files.pythonhosted.org/packages/db/6c/a1f71542c969912bb0e106f64f60a56cc1f0fabecf9396f45accbe63fa68/pycryptodome-3.23.0-cp37-abi3-macosx_10_9_universal2.whl", hash = "sha256:187058ab80b3281b1de11c2e6842a357a1f71b42cb1e15bce373f3d238135c27", size = 2495627, upload-time = "2025-05-17T17:20:47.139Z" },
    { url = "https://files.pythonhosted.org/packages/6e/4e/a066527e079fc5002390c8acdd3aca431e6ea0a50ffd7201551175b47323/pycryptodome-3.23.0-cp37-abi3-macosx_10_9_x86_64.whl", hash = "sha256:cfb5cd445280c5b0a4e6187a7ce8de5a07b5f3f897f235caa11f1f435f182843", size = 1640362, upload-time = "2025-05-17T17:20:50.392Z" },
    { url = "https://files.pythonhosted.org/packages/50/52/adaf4c8c100a8c49d2bd058e5b551f73dfd8cb89eb4911e25a0c469b6b4e/pycryptodome-3.23.0-cp37-abi3-manylinux_2_17_aarch64.manylinux2014_aarch64.whl", hash = "sha256:67bd81fcbe34f43ad9422ee8fd4843c8e7198dd88dd3d40e6de42ee65fbe1490", size = 2182625, upload-time = "2025-05-17T17:20:52.866Z" },
    { url = "https://files.pythonhosted.org/packages/5f/e9/a09476d436d0ff1402ac3867d933c61805ec2326c6ea557aeeac3825604e/pycryptodome-3.23.0-cp37-abi3-manylinux_2_17_x86_64.manylinux2014_x86_64.whl", hash = "sha256:c8987bd3307a39bc03df5c8e0e3d8be0c4c3518b7f044b0f4c15d1aa78f52575", size = 2268954, upload-time = "2025-05-17T17:20:55.027Z" },
    { url = "https://files.pythonhosted.org/packages/f9/c5/ffe6474e0c551d54cab931918127c46d70cab8f114e0c2b5a3c071c2f484/pycryptodome-3.23.0-cp37-abi3-manylinux_2_5_i686.manylinux1_i686.manylinux_2_17_i686.manylinux2014_i686.whl", hash = "sha256:aa0698f65e5b570426fc31b8162ed4603b0c2841cbb9088e2b01641e3065915b", size = 2308534, upload-time = "2025-05-17T17:20:57.279Z" },
    { url = "https://files.pythonhosted.org/packages/18/28/e199677fc15ecf43010f2463fde4c1a53015d1fe95fb03bca2890836603a/pycryptodome-3.23.0-cp37-abi3-musllinux_1_2_aarch64.whl", hash = "sha256:53ecbafc2b55353edcebd64bf5da94a2a2cdf5090a6915bcca6eca6cc452585a", size = 2181853, upload-time = "2025-05-17T17:20:59.322Z" },
    { url = "https://files.pythonhosted.org/packages/ce/ea/4fdb09f2165ce1365c9eaefef36625583371ee514db58dc9b65d3a255c4c/pycryptodome-3.23.0-cp37-abi3-musllinux_1_2_i686.whl", hash = "sha256:156df9667ad9f2ad26255926524e1c136d6664b741547deb0a86a9acf5ea631f", size = 2342465, upload-time = "2025-05-17T17:21:03.83Z" },
    { url = "https://files.pythonhosted.org/packages/22/82/6edc3fc42fe9284aead511394bac167693fb2b0e0395b28b8bedaa07ef04/pycryptodome-3.23.0-cp37-abi3-musllinux_1_2_x86_64.whl", hash = "sha256:dea827b4d55ee390dc89b2afe5927d4308a8b538ae91d9c6f7a5090f397af1aa", size = 2267414, upload-time = "2025-05-17T17:21:06.72Z" },
    { url = "https://files.pythonhosted.org/packages/59/fe/aae679b64363eb78326c7fdc9d06ec3de18bac68be4b612fc1fe8902693c/pycryptodome-3.23.0-cp37-abi3-win32.whl", hash = "sha256:507dbead45474b62b2bbe318eb1c4c8ee641077532067fec9c1aa82c31f84886", size = 1768484, upload-time = "2025-05-17T17:21:08.535Z" },
    { url = "https://files.pythonhosted.org/packages/54/2f/e97a1b8294db0daaa87012c24a7bb714147c7ade7656973fd6c736b484ff/pycryptodome-3.23.0-cp37-abi3-win_amd64.whl", hash = "sha256:c75b52aacc6c0c260f204cbdd834f76edc9fb0d8e0da9fbf8352ef58202564e2", size = 1799636, upload-time = "2025-05-17T17:21:10.393Z" },
    { url = "https://files.pythonhosted.org/packages/18/3d/f9441a0d798bf2b1e645adc3265e55706aead1255ccdad3856dbdcffec14/pycryptodome-3.23.0-cp37-abi3-win_arm64.whl", hash = "sha256:11eeeb6917903876f134b56ba11abe95c0b0fd5e3330def218083c7d98bbcb3c", size = 1703675, upload-time = "2025-05-17T17:21:13.146Z" },
]

[[package]]
name = "vyper"
version = "0.4.3"
source = { registry = "https://pypi.org/simple" }
dependencies = [
    { name = "asttokens" },
    { name = "cbor2" },
    { name = "immutables" },
    { name = "lark" },
    { name = "packaging" },
    { name = "pycryptodome" },
    { name = "wheel" },
]
sdist = { url = "https://files.pythonhosted.org/packages/79/d5/958145eb2f88b95a2f3d43785e41dcdc2ab5a01af5d88199248dbed33774/vyper-0.4.3.tar.gz", hash = "sha256:22a7573657401d8a3bc690d65d6b7741680007180978c3a05f9892db31d5dcf5", size = 877634, upload-time = "2025-06-18T20:09:54.022Z" }
wheels = [
    { url = "https://files.pythonhosted.org/packages/f3/45/ad3c7d78aaa3e50d229968bc39eaf193f9b8eee79b5f16a3bed8f35e1395/vyper-0.4.3-py3-none-any.whl", hash = "sha256:3b9671727c888363740dc678e60336759871487d0e4e9fdd973048fa9635c4fd", size = 403104, upload-time = "2025-06-18T20:09:52.4Z" },
]

[[package]]
name = "wheel"
version = "0.46.3"
source = { registry = "https://pypi.org/simple" }
dependencies = [
    { name = "packaging" },
]
sdist = { url = "https://files.pythonhosted.org/packages/89/24/a2eb353a6edac9a0303977c4cb048134959dd2a51b48a269dfc9dde00c8a/wheel-0.46.3.tar.gz", hash = "sha256:e3e79874b07d776c40bd6033f8ddf76a7dad46a7b8aa1b2787a83083519a1803", size = 60605, upload-time = "2026-01-22T12:39:49.136Z" }
wheels = [
    { url = "https://files.pythonhosted.org/packages/87/22/b76d483683216dde3d67cba61fb2444be8d5be289bf628c13fc0fd90e5f9/wheel-0.46.3-py3-none-any.whl", hash = "sha256:4b399d56c9d9338230118d705d9737a2a468ccca63d5e813e2a4fc7815d8bc4d", size = 30557, upload-time = "2026-01-22T12:39:48.099Z" },
]
